
Microsoft Visual Studio Solution File, Format Version 12.00
# Visual Studio Version 17
VisualStudioVersion = 17.2.32630.192
MinimumVisualStudioVersion = 10.0.40219.1
Project("{FAE04EC0-301F-11D3-BF4B-00C04F79EFBC}") = "SimpleSolution", "SimpleSolution\SimpleSolution.csproj", "{F98D6C64-2089-4C48-88CB-48C9DED259B2}"
EndProject
Global
	GlobalSection(SolutionConfigurationPlatforms) = preSolution
		Debug|Any CPU = Debug|Any CPU
		Release|Any CPU = Release|Any CPU
	EndGlobalSection
	GlobalSection(ProjectConfigurationPlatforms) = postSolution
		{F98D6C64-2089-4C48-88CB-48C9DED259B2}.Debug|Any CPU.ActiveCfg = Debug|Any CPU
		{F98D6C64-2089-4C48-88CB-48C9DED259B2}.Debug|Any CPU.Build.0 = Debug|Any CPU
		{F98D6C64-2089-4C48-88CB-48C9DED259B2}.Release|Any CPU.ActiveCfg = Release|Any CPU
		{F98D6C64-2089-4C48-88CB-48C9DED259B2}.Release|Any CPU.Build.0 = Release|Any CPU
	EndGlobalSection
	GlobalSection(SolutionProperties) = preSolution
		HideSolutionNode = FALSE
	EndGlobalSection
	GlobalSection(ExtensibilityGlobals) = postSolution
		SolutionGuid = {882EAD9D-8A86-455C-8D48-E422B1E92EC2}
	EndGlobalSection
EndGlobal
